
Microsoft Visual Studio Solution File, Format Version 12.00
# Visual Studio 15
VisualStudioVersion = 15.0.28307.1145
MinimumVisualStudioVersion = 10.0.40219.1
Project("{FAE04EC0-301F-11D3-BF4B-00C04F79EFBC}") = "Amiibopedia.Android", "Amiibopedia\Amiibopedia.Android\Amiibopedia.Android.csproj", "{1A93B2AA-727F-4D44-A7F3-F9D1DEAD7785}"
EndProject
Project("{FAE04EC0-301F-11D3-BF4B-00C04F79EFBC}") = "Amiibopedia.iOS", "Amiibopedia\Amiibopedia.iOS\Amiibopedia.iOS.csproj", "{C289CFC8-6CD9-4666-A1B2-78D1D7EEA255}"
EndProject
Project("{FAE04EC0-301F-11D3-BF4B-00C04F79EFBC}") = "Amiibopedia.UWP", "Amiibopedia\Amiibopedia.UWP\Amiibopedia.UWP.csproj", "{B46AF3EB-0869-4510-B1F8-903AF4E7472F}"
EndProject
Project("{FAE04EC0-301F-11D3-BF4B-00C04F79EFBC}") = "Amiibopedia", "Amiibopedia\Amiibopedia\Amiibopedia.csproj", "{15F342CC-1FF8-4561-8640-C2D7607C4887}"
EndProject
Global
	GlobalSection(SolutionConfigurationPlatforms) = preSolution
		Ad-Hoc|Any CPU = Ad-Hoc|Any CPU
		Ad-Hoc|ARM = Ad-Hoc|ARM
		Ad-Hoc|iPhone = Ad-Hoc|iPhone
		Ad-Hoc|iPhoneSimulator = Ad-Hoc|iPhoneSimulator
		Ad-Hoc|x64 = Ad-Hoc|x64
		Ad-Hoc|x86 = Ad-Hoc|x86
		AppStore|Any CPU = AppStore|Any CPU
		AppStore|ARM = AppStore|ARM
		AppStore|iPhone = AppStore|iPhone
		AppStore|iPhoneSimulator = AppStore|iPhoneSimulator
		AppStore|x64 = AppStore|x64
		AppStore|x86 = AppStore|x86
		Debug|Any CPU = Debug|Any CPU
		Debug|ARM = Debug|ARM
		Debug|iPhone = Debug|iPhone
		Debug|iPhoneSimulator = Debug|iPhoneSimulator
		Debug|x64 = Debug|x64
		Debug|x86 = Debug|x86
		Release|Any CPU = Release|Any CPU
		Release|ARM = Release|ARM
		Release|iPhone = Release|iPhone
		Release|iPhoneSimulator = Release|iPhoneSimulator
		Release|x64 = Release|x64
		Release|x86 = Release|x86
	EndGlobalSection
	GlobalSection(ProjectConfigurationPlatforms) = postSolution
		{1A93B2AA-727F-4D44-A7F3-F9D1DEAD7785}.Ad-Hoc|Any CPU.ActiveCfg = Release|Any CPU
		{1A93B2AA-727F-4D44-A7F3-F9D1DEAD7785}.Ad-Hoc|Any CPU.Build.0 = Release|Any CPU
		{1A93B2AA-727F-4D44-A7F3-F9D1DEAD7785}.Ad-Hoc|Any CPU.Deploy.0 = Release|Any CPU
		{1A93B2AA-727F-4D44-A7F3-F9D1DEAD7785}.Ad-Hoc|ARM.ActiveCfg = Release|Any CPU
		{1A93B2AA-727F-4D44-A7F3-F9D1DEAD7785}.Ad-Hoc|ARM.Build.0 = Release|Any CPU
		{1A93B2AA-727F-4D44-A7F3-F9D1DEAD7785}.Ad-Hoc|ARM.Deploy.0 = Release|Any CPU
		{1A93B2AA-727F-4D44-A7F3-F9D1DEAD7785}.Ad-Hoc|iPhone.ActiveCfg = Release|Any CPU
		{1A93B2AA-727F-4D44-A7F3-F9D1DEAD7785}.Ad-Hoc|iPhone.Build.0 = Release|Any CPU
		{1A93B2AA-727F-4D44-A7F3-F9D1DEAD7785}.Ad-Hoc|iPhone.Deploy.0 = Release|Any CPU
		{1A93B2AA-727F-4D44-A7F3-F9D1DEAD7785}.Ad-Hoc|iPhoneSimulator.ActiveCfg = Release|Any CPU
		{1A93B2AA-727F-4D44-A7F3-F9D1DEAD7785}.Ad-Hoc|iPhoneSimulator.Build.0 = Release|Any CPU
		{1A93B2AA-727F-4D44-A7F3-F9D1DEAD7785}.Ad-Hoc|iPhoneSimulator.Deploy.0 = Release|Any CPU
		{1A93B2AA-727F-4D44-A7F3-F9D1DEAD7785}.Ad-Hoc|x64.ActiveCfg = Release|Any CPU
		{1A93B2AA-727F-4D44-A7F3-F9D1DEAD7785}.Ad-Hoc|x64.Build.0 = Release|Any CPU
		{1A93B2AA-727F-4D44-A7F3-F9D1DEAD7785}.Ad-Hoc|x64.Deploy.0 = Release|Any CPU
		{1A93B2AA-727F-4D44-A7F3-F9D1DEAD7785}.Ad-Hoc|x86.ActiveCfg = Release|Any CPU
		{1A93B2AA-727F-4D44-A7F3-F9D1DEAD7785}.Ad-Hoc|x86.Build.0 = Release|Any CPU
		{1A93B2AA-727F-4D44-A7F3-F9D1DEAD7785}.Ad-Hoc|x86.Deploy.0 = Release|Any CPU
		{1A93B2AA-727F-4D44-A7F3-F9D1DEAD7785}.AppStore|Any CPU.ActiveCfg = Release|Any CPU
		{1A93B2AA-727F-4D44-A7F3-F9D1DEAD7785}.AppStore|Any CPU.Build.0 = Release|Any CPU
		{1A93B2AA-727F-4D44-A7F3-F9D1DEAD7785}.AppStore|Any CPU.Deploy.0 = Release|Any CPU
		{1A93B2AA-727F-4D44-A7F3-F9D1DEAD7785}.AppStore|ARM.ActiveCfg = Release|Any CPU
		{1A93B2AA-727F-4D44-A7F3-F9D1DEAD7785}.AppStore|ARM.Build.0 = Release|Any CPU
		{1A93B2AA-727F-4D44-A7F3-F9D1DEAD7785}.AppStore|ARM.Deploy.0 = Release|Any CPU
		{1A93B2AA-727F-4D44-A7F3-F9D1DEAD7785}.AppStore|iPhone.ActiveCfg = Release|Any CPU
		{1A93B2AA-727F-4D44-A7F3-F9D1DEAD7785}.AppStore|iPhone.Build.0 = Release|Any CPU
		{1A93B2AA-727F-4D44-A7F3-F9D1DEAD7785}.AppStore|iPhone.Deploy.0 = Release|Any CPU
		{1A93B2AA-727F-4D44-A7F3-F9D1DEAD7785}.AppStore|iPhoneSimulator.ActiveCfg = Release|Any CPU
		{1A93B2AA-727F-4D44-A7F3-F9D1DEAD7785}.AppStore|iPhoneSimulator.Build.0 = Release|Any CPU
		{1A93B2AA-727F-4D44-A7F3-F9D1DEAD7785}.AppStore|iPhoneSimulator.Deploy.0 = Release|Any CPU
		{1A93B2AA-727F-4D44-A7F3-F9D1DEAD7785}.AppStore|x64.ActiveCfg = Release|Any CPU
		{1A93B2AA-727F-4D44-A7F3-F9D1DEAD7785}.AppStore|x64.Build.0 = Release|Any CPU
		{1A93B2AA-727F-4D44-A7F3-F9D1DEAD7785}.AppStore|x64.Deploy.0 = Release|Any CPU
		{1A93B2AA-727F-4D44-A7F3-F9D1DEAD7785}.AppStore|x86.ActiveCfg = Release|Any CPU
		{1A93B2AA-727F-4D44-A7F3-F9D1DEAD7785}.AppStore|x86.Build.0 = Release|Any CPU
		{1A93B2AA-727F-4D44-A7F3-F9D1DEAD7785}.AppStore|x86.Deploy.0 = Release|Any CPU
		{1A93B2AA-727F-4D44-A7F3-F9D1DEAD7785}.Debug|Any CPU.ActiveCfg = Debug|Any CPU
		{1A93B2AA-727F-4D44-A7F3-F9D1DEAD7785}.Debug|Any CPU.Build.0 = Debug|Any CPU
		{1A93B2AA-727F-4D44-A7F3-F9D1DEAD7785}.Debug|Any CPU.Deploy.0 = Debug|Any CPU
		{1A93B2AA-727F-4D44-A7F3-F9D1DEAD7785}.Debug|ARM.ActiveCfg = Debug|Any CPU
		{1A93B2AA-727F-4D44-A7F3-F9D1DEAD7785}.Debug|ARM.Build.0 = Debug|Any CPU
		{1A93B2AA-727F-4D44-A7F3-F9D1DEAD7785}.Debug|ARM.Deploy.0 = Debug|Any CPU
		{1A93B2AA-727F-4D44-A7F3-F9D1DEAD7785}.Debug|iPhone.ActiveCfg = Debug|Any CPU
		{1A93B2AA-727F-4D44-A7F3-F9D1DEAD7785}.Debug|iPhone.Build.0 = Debug|Any CPU
		{1A93B2AA-727F-4D44-A7F3-F9D1DEAD7785}.Debug|iPhone.Deploy.0 = Debug|Any CPU
		{1A93B2AA-727F-4D44-A7F3-F9D1DEAD7785}.Debug|iPhoneSimulator.ActiveCfg = Debug|Any CPU
		{1A93B2AA-727F-4D44-A7F3-F9D1DEAD7785}.Debug|iPhoneSimulator.Build.0 = Debug|Any CPU
		{1A93B2AA-727F-4D44-A7F3-F9D1DEAD7785}.Debug|iPhoneSimulator.Deploy.0 = Debug|Any CPU
		{1A93B2AA-727F-4D44-A7F3-F9D1DEAD7785}.Debug|x64.ActiveCfg = Debug|Any CPU
		{1A93B2AA-727F-4D44-A7F3-F9D1DEAD7785}.Debug|x64.Build.0 = Debug|Any CPU
		{1A93B2AA-727F-4D44-A7F3-F9D1DEAD7785}.Debug|x64.Deploy.0 = Debug|Any CPU
		{1A93B2AA-727F-4D44-A7F3-F9D1DEAD7785}.Debug|x86.ActiveCfg = Debug|Any CPU
		{1A93B2AA-727F-4D44-A7F3-F9D1DEAD7785}.Debug|x86.Build.0 = Debug|Any CPU
		{1A93B2AA-727F-4D44-A7F3-F9D1DEAD7785}.Debug|x86.Deploy.0 = Debug|Any CPU
		{1A93B2AA-727F-4D44-A7F3-F9D1DEAD7785}.Release|Any CPU.ActiveCfg = Release|Any CPU
		{1A93B2AA-727F-4D44-A7F3-F9D1DEAD7785}.Release|Any CPU.Build.0 = Release|Any CPU
		{1A93B2AA-727F-4D44-A7F3-F9D1DEAD7785}.Release|Any CPU.Deploy.0 = Release|Any CPU
		{1A93B2AA-727F-4D44-A7F3-F9D1DEAD7785}.Release|ARM.ActiveCfg = Release|Any CPU
		{1A93B2AA-727F-4D44-A7F3-F9D1DEAD7785}.Release|ARM.Build.0 = Release|Any CPU
		{1A93B2AA-727F-4D44-A7F3-F9D1DEAD7785}.Release|ARM.Deploy.0 = Release|Any CPU
		{1A93B2AA-727F-4D44-A7F3-F9D1DEAD7785}.Release|iPhone.ActiveCfg = Release|Any CPU
		{1A93B2AA-727F-4D44-A7F3-F9D1DEAD7785}.Release|iPhone.Build.0 = Release|Any CPU
		{1A93B2AA-727F-4D44-A7F3-F9D1DEAD7785}.Release|iPhone.Deploy.0 = Release|Any CPU
		{1A93B2AA-727F-4D44-A7F3-F9D1DEAD7785}.Release|iPhoneSimulator.ActiveCfg = Release|Any CPU
		{1A93B2AA-727F-4D44-A7F3-F9D1DEAD7785}.Release|iPhoneSimulator.Build.0 = Release|Any CPU
		{1A93B2AA-727F-4D44-A7F3-F9D1DEAD7785}.Release|iPhoneSimulator.Deploy.0 = Release|Any CPU
		{1A93B2AA-727F-4D44-A7F3-F9D1DEAD7785}.Release|x64.ActiveCfg = Release|Any CPU
		{1A93B2AA-727F-4D44-A7F3-F9D1DEAD7785}.Release|x64.Build.0 = Release|Any CPU
		{1A93B2AA-727F-4D44-A7F3-F9D1DEAD7785}.Release|x64.Deploy.0 = Release|Any CPU
		{1A93B2AA-727F-4D44-A7F3-F9D1DEAD7785}.Release|x86.ActiveCfg = Release|Any CPU
		{1A93B2AA-727F-4D44-A7F3-F9D1DEAD7785}.Release|x86.Build.0 = Release|Any CPU
		{1A93B2AA-727F-4D44-A7F3-F9D1DEAD7785}.Release|x86.Deploy.0 = Release|Any CPU
		{C289CFC8-6CD9-4666-A1B2-78D1D7EEA255}.Ad-Hoc|Any CPU.ActiveCfg = Ad-Hoc|iPhone
		{C289CFC8-6CD9-4666-A1B2-78D1D7EEA255}.Ad-Hoc|Any CPU.Build.0 = Ad-Hoc|iPhone
		{C289CFC8-6CD9-4666-A1B2-78D1D7EEA255}.Ad-Hoc|Any CPU.Deploy.0 = Ad-Hoc|iPhone
		{C289CFC8-6CD9-4666-A1B2-78D1D7EEA255}.Ad-Hoc|ARM.ActiveCfg = Ad-Hoc|iPhone
		{C289CFC8-6CD9-4666-A1B2-78D1D7EEA255}.Ad-Hoc|ARM.Build.0 = Ad-Hoc|iPhone
		{C289CFC8-6CD9-4666-A1B2-78D1D7EEA255}.Ad-Hoc|ARM.Deploy.0 = Ad-Hoc|iPhone
		{C289CFC8-6CD9-4666-A1B2-78D1D7EEA255}.Ad-Hoc|iPhone.ActiveCfg = Ad-Hoc|iPhone
		{C289CFC8-6CD9-4666-A1B2-78D1D7EEA255}.Ad-Hoc|iPhone.Build.0 = Ad-Hoc|iPhone
		{C289CFC8-6CD9-4666-A1B2-78D1D7EEA255}.Ad-Hoc|iPhone.Deploy.0 = Ad-Hoc|iPhone
		{C289CFC8-6CD9-4666-A1B2-78D1D7EEA255}.Ad-Hoc|iPhoneSimulator.ActiveCfg = Ad-Hoc|iPhoneSimulator
		{C289CFC8-6CD9-4666-A1B2-78D1D7EEA255}.Ad-Hoc|iPhoneSimulator.Build.0 = Ad-Hoc|iPhoneSimulator
		{C289CFC8-6CD9-4666-A1B2-78D1D7EEA255}.Ad-Hoc|iPhoneSimulator.Deploy.0 = Ad-Hoc|iPhoneSimulator
		{C289CFC8-6CD9-4666-A1B2-78D1D7EEA255}.Ad-Hoc|x64.ActiveCfg = Ad-Hoc|iPhone
		{C289CFC8-6CD9-4666-A1B2-78D1D7EEA255}.Ad-Hoc|x64.Build.0 = Ad-Hoc|iPhone
		{C289CFC8-6CD9-4666-A1B2-78D1D7EEA255}.Ad-Hoc|x64.Deploy.0 = Ad-Hoc|iPhone
		{C289CFC8-6CD9-4666-A1B2-78D1D7EEA255}.Ad-Hoc|x86.ActiveCfg = Ad-Hoc|iPhone
		{C289CFC8-6CD9-4666-A1B2-78D1D7EEA255}.Ad-Hoc|x86.Build.0 = Ad-Hoc|iPhone
		{C289CFC8-6CD9-4666-A1B2-78D1D7EEA255}.Ad-Hoc|x86.Deploy.0 = Ad-Hoc|iPhone
		{C289CFC8-6CD9-4666-A1B2-78D1D7EEA255}.AppStore|Any CPU.ActiveCfg = AppStore|iPhone
		{C289CFC8-6CD9-4666-A1B2-78D1D7EEA255}.AppStore|Any CPU.Build.0 = AppStore|iPhone
		{C289CFC8-6CD9-4666-A1B2-78D1D7EEA255}.AppStore|Any CPU.Deploy.0 = AppStore|iPhone
		{C289CFC8-6CD9-4666-A1B2-78D1D7EEA255}.AppStore|ARM.ActiveCfg = AppStore|iPhone
		{C289CFC8-6CD9-4666-A1B2-78D1D7EEA255}.AppStore|ARM.Build.0 = AppStore|iPhone
		{C289CFC8-6CD9-4666-A1B2-78D1D7EEA255}.AppStore|ARM.Deploy.0 = AppStore|iPhone
		{C289CFC8-6CD9-4666-A1B2-78D1D7EEA255}.AppStore|iPhone.ActiveCfg = AppStore|iPhone
		{C289CFC8-6CD9-4666-A1B2-78D1D7EEA255}.AppStore|iPhone.Build.0 = AppStore|iPhone
		{C289CFC8-6CD9-4666-A1B2-78D1D7EEA255}.AppStore|iPhone.Deploy.0 = AppStore|iPhone
		{C289CFC8-6CD9-4666-A1B2-78D1D7EEA255}.AppStore|iPhoneSimulator.ActiveCfg = AppStore|iPhoneSimulator
		{C289CFC8-6CD9-4666-A1B2-78D1D7EEA255}.AppStore|iPhoneSimulator.Build.0 = AppStore|iPhoneSimulator
		{C289CFC8-6CD9-4666-A1B2-78D1D7EEA255}.AppStore|iPhoneSimulator.Deploy.0 = AppStore|iPhoneSimulator
		{C289CFC8-6CD9-4666-A1B2-78D1D7EEA255}.AppStore|x64.ActiveCfg = AppStore|iPhone
		{C289CFC8-6CD9-4666-A1B2-78D1D7EEA255}.AppStore|x64.Build.0 = AppStore|iPhone
		{C289CFC8-6CD9-4666-A1B2-78D1D7EEA255}.AppStore|x64.Deploy.0 = AppStore|iPhone
		{C289CFC8-6CD9-4666-A1B2-78D1D7EEA255}.AppStore|x86.ActiveCfg = AppStore|iPhone
		{C289CFC8-6CD9-4666-A1B2-78D1D7EEA255}.AppStore|x86.Build.0 = AppStore|iPhone
		{C289CFC8-6CD9-4666-A1B2-78D1D7EEA255}.AppStore|x86.Deploy.0 = AppStore|iPhone
		{C289CFC8-6CD9-4666-A1B2-78D1D7EEA255}.Debug|Any CPU.ActiveCfg = Debug|iPhoneSimulator
		{C289CFC8-6CD9-4666-A1B2-78D1D7EEA255}.Debug|Any CPU.Build.0 = Debug|iPhoneSimulator
		{C289CFC8-6CD9-4666-A1B2-78D1D7EEA255}.Debug|Any CPU.Deploy.0 = Debug|iPhoneSimulator
		{C289CFC8-6CD9-4666-A1B2-78D1D7EEA255}.Debug|ARM.ActiveCfg = Debug|iPhone
		{C289CFC8-6CD9-4666-A1B2-78D1D7EEA255}.Debug|ARM.Build.0 = Debug|iPhone
		{C289CFC8-6CD9-4666-A1B2-78D1D7EEA255}.Debug|ARM.Deploy.0 = Debug|iPhone
		{C289CFC8-6CD9-4666-A1B2-78D1D7EEA255}.Debug|iPhone.ActiveCfg = Debug|iPhone
		{C289CFC8-6CD9-4666-A1B2-78D1D7EEA255}.Debug|iPhone.Build.0 = Debug|iPhone
		{C289CFC8-6CD9-4666-A1B2-78D1D7EEA255}.Debug|iPhone.Deploy.0 = Debug|iPhone
		{C289CFC8-6CD9-4666-A1B2-78D1D7EEA255}.Debug|iPhoneSimulator.ActiveCfg = Debug|iPhoneSimulator
		{C289CFC8-6CD9-4666-A1B2-78D1D7EEA255}.Debug|iPhoneSimulator.Build.0 = Debug|iPhoneSimulator
		{C289CFC8-6CD9-4666-A1B2-78D1D7EEA255}.Debug|iPhoneSimulator.Deploy.0 = Debug|iPhoneSimulator
		{C289CFC8-6CD9-4666-A1B2-78D1D7EEA255}.Debug|x64.ActiveCfg = Debug|iPhone
		{C289CFC8-6CD9-4666-A1B2-78D1D7EEA255}.Debug|x64.Build.0 = Debug|iPhone
		{C289CFC8-6CD9-4666-A1B2-78D1D7EEA255}.Debug|x64.Deploy.0 = Debug|iPhone
		{C289CFC8-6CD9-4666-A1B2-78D1D7EEA255}.Debug|x86.ActiveCfg = Debug|iPhone
		{C289CFC8-6CD9-4666-A1B2-78D1D7EEA255}.Debug|x86.Build.0 = Debug|iPhone
		{C289CFC8-6CD9-4666-A1B2-78D1D7EEA255}.Debug|x86.Deploy.0 = Debug|iPhone
		{C289CFC8-6CD9-4666-A1B2-78D1D7EEA255}.Release|Any CPU.ActiveCfg = Release|iPhone
		{C289CFC8-6CD9-4666-A1B2-78D1D7EEA255}.Release|Any CPU.Build.0 = Release|iPhone
		{C289CFC8-6CD9-4666-A1B2-78D1D7EEA255}.Release|Any CPU.Deploy.0 = Release|iPhone
		{C289CFC8-6CD9-4666-A1B2-78D1D7EEA255}.Release|ARM.ActiveCfg = Release|iPhone
		{C289CFC8-6CD9-4666-A1B2-78D1D7EEA255}.Release|ARM.Build.0 = Release|iPhone
		{C289CFC8-6CD9-4666-A1B2-78D1D7EEA255}.Release|ARM.Deploy.0 = Release|iPhone
		{C289CFC8-6CD9-4666-A1B2-78D1D7EEA255}.Release|iPhone.ActiveCfg = Release|iPhone
		{C289CFC8-6CD9-4666-A1B2-78D1D7EEA255}.Release|iPhone.Build.0 = Release|iPhone
		{C289CFC8-6CD9-4666-A1B2-78D1D7EEA255}.Release|iPhone.Deploy.0 = Release|iPhone
		{C289CFC8-6CD9-4666-A1B2-78D1D7EEA255}.Release|iPhoneSimulator.ActiveCfg = Release|iPhoneSimulator
		{C289CFC8-6CD9-4666-A1B2-78D1D7EEA255}.Release|iPhoneSimulator.Build.0 = Release|iPhoneSimulator
		{C289CFC8-6CD9-4666-A1B2-78D1D7EEA255}.Release|iPhoneSimulator.Deploy.0 = Release|iPhoneSimulator
		{C289CFC8-6CD9-4666-A1B2-78D1D7EEA255}.Release|x64.ActiveCfg = Release|iPhone
		{C289CFC8-6CD9-4666-A1B2-78D1D7EEA255}.Release|x64.Build.0 = Release|iPhone
		{C289CFC8-6CD9-4666-A1B2-78D1D7EEA255}.Release|x64.Deploy.0 = Release|iPhone
		{C289CFC8-6CD9-4666-A1B2-78D1D7EEA255}.Release|x86.ActiveCfg = Release|iPhone
		{C289CFC8-6CD9-4666-A1B2-78D1D7EEA255}.Release|x86.Build.0 = Release|iPhone
		{C289CFC8-6CD9-4666-A1B2-78D1D7EEA255}.Release|x86.Deploy.0 = Release|iPhone
		{B46AF3EB-0869-4510-B1F8-903AF4E7472F}.Ad-Hoc|Any CPU.ActiveCfg = Release|x86
		{B46AF3EB-0869-4510-B1F8-903AF4E7472F}.Ad-Hoc|Any CPU.Build.0 = Release|x86
		{B46AF3EB-0869-4510-B1F8-903AF4E7472F}.Ad-Hoc|Any CPU.Deploy.0 = Release|x86
		{B46AF3EB-0869-4510-B1F8-903AF4E7472F}.Ad-Hoc|ARM.ActiveCfg = Release|ARM
		{B46AF3EB-0869-4510-B1F8-903AF4E7472F}.Ad-Hoc|ARM.Build.0 = Release|ARM
		{B46AF3EB-0869-4510-B1F8-903AF4E7472F}.Ad-Hoc|ARM.Deploy.0 = Release|ARM
		{B46AF3EB-0869-4510-B1F8-903AF4E7472F}.Ad-Hoc|iPhone.ActiveCfg = Release|x86
		{B46AF3EB-0869-4510-B1F8-903AF4E7472F}.Ad-Hoc|iPhone.Build.0 = Release|x86
		{B46AF3EB-0869-4510-B1F8-903AF4E7472F}.Ad-Hoc|iPhone.Deploy.0 = Release|x86
		{B46AF3EB-0869-4510-B1F8-903AF4E7472F}.Ad-Hoc|iPhoneSimulator.ActiveCfg = Release|x86
		{B46AF3EB-0869-4510-B1F8-903AF4E7472F}.Ad-Hoc|iPhoneSimulator.Build.0 = Release|x86
		{B46AF3EB-0869-4510-B1F8-903AF4E7472F}.Ad-Hoc|iPhoneSimulator.Deploy.0 = Release|x86
		{B46AF3EB-0869-4510-B1F8-903AF4E7472F}.Ad-Hoc|x64.ActiveCfg = Release|x64
		{B46AF3EB-0869-4510-B1F8-903AF4E7472F}.Ad-Hoc|x64.Build.0 = Release|x64
		{B46AF3EB-0869-4510-B1F8-903AF4E7472F}.Ad-Hoc|x64.Deploy.0 = Release|x64
		{B46AF3EB-0869-4510-B1F8-903AF4E7472F}.Ad-Hoc|x86.ActiveCfg = Release|x86
		{B46AF3EB-0869-4510-B1F8-903AF4E7472F}.Ad-Hoc|x86.Build.0 = Release|x86
		{B46AF3EB-0869-4510-B1F8-903AF4E7472F}.Ad-Hoc|x86.Deploy.0 = Release|x86
		{B46AF3EB-0869-4510-B1F8-903AF4E7472F}.AppStore|Any CPU.ActiveCfg = Release|x86
		{B46AF3EB-0869-4510-B1F8-903AF4E7472F}.AppStore|Any CPU.Build.0 = Release|x86
		{B46AF3EB-0869-4510-B1F8-903AF4E7472F}.AppStore|Any CPU.Deploy.0 = Release|x86
		{B46AF3EB-0869-4510-B1F8-903AF4E7472F}.AppStore|ARM.ActiveCfg = Release|ARM
		{B46AF3EB-0869-4510-B1F8-903AF4E7472F}.AppStore|ARM.Build.0 = Release|ARM
		{B46AF3EB-0869-4510-B1F8-903AF4E7472F}.AppStore|ARM.Deploy.0 = Release|ARM
		{B46AF3EB-0869-4510-B1F8-903AF4E7472F}.AppStore|iPhone.ActiveCfg = Release|x86
		{B46AF3EB-0869-4510-B1F8-903AF4E7472F}.AppStore|iPhone.Build.0 = Release|x86
		{B46AF3EB-0869-4510-B1F8-903AF4E7472F}.AppStore|iPhone.Deploy.0 = Release|x86
		{B46AF3EB-0869-4510-B1F8-903AF4E7472F}.AppStore|iPhoneSimulator.ActiveCfg = Release|x86
		{B46AF3EB-0869-4510-B1F8-903AF4E7472F}.AppStore|iPhoneSimulator.Build.0 = Release|x86
		{B46AF3EB-0869-4510-B1F8-903AF4E7472F}.AppStore|iPhoneSimulator.Deploy.0 = Release|x86
		{B46AF3EB-0869-4510-B1F8-903AF4E7472F}.AppStore|x64.ActiveCfg = Release|x64
		{B46AF3EB-0869-4510-B1F8-903AF4E7472F}.AppStore|x64.Build.0 = Release|x64
		{B46AF3EB-0869-4510-B1F8-903AF4E7472F}.AppStore|x64.Deploy.0 = Release|x64
		{B46AF3EB-0869-4510-B1F8-903AF4E7472F}.AppStore|x86.ActiveCfg = Release|x86
		{B46AF3EB-0869-4510-B1F8-903AF4E7472F}.AppStore|x86.Build.0 = Release|x86
		{B46AF3EB-0869-4510-B1F8-903AF4E7472F}.AppStore|x86.Deploy.0 = Release|x86
		{B46AF3EB-0869-4510-B1F8-903AF4E7472F}.Debug|Any CPU.ActiveCfg = Debug|x86
		{B46AF3EB-0869-4510-B1F8-903AF4E7472F}.Debug|Any CPU.Build.0 = Debug|x86
		{B46AF3EB-0869-4510-B1F8-903AF4E7472F}.Debug|Any CPU.Deploy.0 = Debug|x86
		{B46AF3EB-0869-4510-B1F8-903AF4E7472F}.Debug|ARM.ActiveCfg = Debug|ARM
		{B46AF3EB-0869-4510-B1F8-903AF4E7472F}.Debug|ARM.Build.0 = Debug|ARM
		{B46AF3EB-0869-4510-B1F8-903AF4E7472F}.Debug|ARM.Deploy.0 = Debug|ARM
		{B46AF3EB-0869-4510-B1F8-903AF4E7472F}.Debug|iPhone.ActiveCfg = Debug|x86
		{B46AF3EB-0869-4510-B1F8-903AF4E7472F}.Debug|iPhone.Build.0 = Debug|x86
		{B46AF3EB-0869-4510-B1F8-903AF4E7472F}.Debug|iPhone.Deploy.0 = Debug|x86
		{B46AF3EB-0869-4510-B1F8-903AF4E7472F}.Debug|iPhoneSimulator.ActiveCfg = Debug|x86
		{B46AF3EB-0869-4510-B1F8-903AF4E7472F}.Debug|iPhoneSimulator.Build.0 = Debug|x86
		{B46AF3EB-0869-4510-B1F8-903AF4E7472F}.Debug|iPhoneSimulator.Deploy.0 = Debug|x86
		{B46AF3EB-0869-4510-B1F8-903AF4E7472F}.Debug|x64.ActiveCfg = Debug|x64
		{B46AF3EB-0869-4510-B1F8-903AF4E7472F}.Debug|x64.Build.0 = Debug|x64
		{B46AF3EB-0869-4510-B1F8-903AF4E7472F}.Debug|x64.Deploy.0 = Debug|x64
		{B46AF3EB-0869-4510-B1F8-903AF4E7472F}.Debug|x86.ActiveCfg = Debug|x86
		{B46AF3EB-0869-4510-B1F8-903AF4E7472F}.Debug|x86.Build.0 = Debug|x86
		{B46AF3EB-0869-4510-B1F8-903AF4E7472F}.Debug|x86.Deploy.0 = Debug|x86
		{B46AF3EB-0869-4510-B1F8-903AF4E7472F}.Release|Any CPU.ActiveCfg = Release|x86
		{B46AF3EB-0869-4510-B1F8-903AF4E7472F}.Release|Any CPU.Build.0 = Release|x86
		{B46AF3EB-0869-4510-B1F8-903AF4E7472F}.Release|Any CPU.Deploy.0 = Release|x86
		{B46AF3EB-0869-4510-B1F8-903AF4E7472F}.Release|ARM.ActiveCfg = Release|ARM
		{B46AF3EB-0869-4510-B1F8-903AF4E7472F}.Release|ARM.Build.0 = Release|ARM
		{B46AF3EB-0869-4510-B1F8-903AF4E7472F}.Release|ARM.Deploy.0 = Release|ARM
		{B46AF3EB-0869-4510-B1F8-903AF4E7472F}.Release|iPhone.ActiveCfg = Release|x86
		{B46AF3EB-0869-4510-B1F8-903AF4E7472F}.Release|iPhone.Build.0 = Release|x86
		{B46AF3EB-0869-4510-B1F8-903AF4E7472F}.Release|iPhone.Deploy.0 = Release|x86
		{B46AF3EB-0869-4510-B1F8-903AF4E7472F}.Release|iPhoneSimulator.ActiveCfg = Release|x86
		{B46AF3EB-0869-4510-B1F8-903AF4E7472F}.Release|iPhoneSimulator.Build.0 = Release|x86
		{B46AF3EB-0869-4510-B1F8-903AF4E7472F}.Release|iPhoneSimulator.Deploy.0 = Release|x86
		{B46AF3EB-0869-4510-B1F8-903AF4E7472F}.Release|x64.ActiveCfg = Release|x64
		{B46AF3EB-0869-4510-B1F8-903AF4E7472F}.Release|x64.Build.0 = Release|x64
		{B46AF3EB-0869-4510-B1F8-903AF4E7472F}.Release|x64.Deploy.0 = Release|x64
		{B46AF3EB-0869-4510-B1F8-903AF4E7472F}.Release|x86.ActiveCfg = Release|x86
		{B46AF3EB-0869-4510-B1F8-903AF4E7472F}.Release|x86.Build.0 = Release|x86
		{B46AF3EB-0869-4510-B1F8-903AF4E7472F}.Release|x86.Deploy.0 = Release|x86
		{15F342CC-1FF8-4561-8640-C2D7607C4887}.Ad-Hoc|Any CPU.ActiveCfg = Debug|Any CPU
		{15F342CC-1FF8-4561-8640-C2D7607C4887}.Ad-Hoc|Any CPU.Build.0 = Debug|Any CPU
		{15F342CC-1FF8-4561-8640-C2D7607C4887}.Ad-Hoc|Any CPU.Deploy.0 = Debug|Any CPU
		{15F342CC-1FF8-4561-8640-C2D7607C4887}.Ad-Hoc|ARM.ActiveCfg = Debug|Any CPU
		{15F342CC-1FF8-4561-8640-C2D7607C4887}.Ad-Hoc|ARM.Build.0 = Debug|Any CPU
		{15F342CC-1FF8-4561-8640-C2D7607C4887}.Ad-Hoc|ARM.Deploy.0 = Debug|Any CPU
		{15F342CC-1FF8-4561-8640-C2D7607C4887}.Ad-Hoc|iPhone.ActiveCfg = Debug|Any CPU
		{15F342CC-1FF8-4561-8640-C2D7607C4887}.Ad-Hoc|iPhone.Build.0 = Debug|Any CPU
		{15F342CC-1FF8-4561-8640-C2D7607C4887}.Ad-Hoc|iPhone.Deploy.0 = Debug|Any CPU
		{15F342CC-1FF8-4561-8640-C2D7607C4887}.Ad-Hoc|iPhoneSimulator.ActiveCfg = Debug|Any CPU
		{15F342CC-1FF8-4561-8640-C2D7607C4887}.Ad-Hoc|iPhoneSimulator.Build.0 = Debug|Any CPU
		{15F342CC-1FF8-4561-8640-C2D7607C4887}.Ad-Hoc|iPhoneSimulator.Deploy.0 = Debug|Any CPU
		{15F342CC-1FF8-4561-8640-C2D7607C4887}.Ad-Hoc|x64.ActiveCfg = Debug|Any CPU
		{15F342CC-1FF8-4561-8640-C2D7607C4887}.Ad-Hoc|x64.Build.0 = Debug|Any CPU
		{15F342CC-1FF8-4561-8640-C2D7607C4887}.Ad-Hoc|x64.Deploy.0 = Debug|Any CPU
		{15F342CC-1FF8-4561-8640-C2D7607C4887}.Ad-Hoc|x86.ActiveCfg = Debug|Any CPU
		{15F342CC-1FF8-4561-8640-C2D7607C4887}.Ad-Hoc|x86.Build.0 = Debug|Any CPU
		{15F342CC-1FF8-4561-8640-C2D7607C4887}.Ad-Hoc|x86.Deploy.0 = Debug|Any CPU
		{15F342CC-1FF8-4561-8640-C2D7607C4887}.AppStore|Any CPU.ActiveCfg = Debug|Any CPU
		{15F342CC-1FF8-4561-8640-C2D7607C4887}.AppStore|Any CPU.Build.0 = Debug|Any CPU
		{15F342CC-1FF8-4561-8640-C2D7607C4887}.AppStore|Any CPU.Deploy.0 = Debug|Any CPU
		{15F342CC-1FF8-4561-8640-C2D7607C4887}.AppStore|ARM.ActiveCfg = Debug|Any CPU
		{15F342CC-1FF8-4561-8640-C2D7607C4887}.AppStore|ARM.Build.0 = Debug|Any CPU
		{15F342CC-1FF8-4561-8640-C2D7607C4887}.AppStore|ARM.Deploy.0 = Debug|Any CPU
		{15F342CC-1FF8-4561-8640-C2D7607C4887}.AppStore|iPhone.ActiveCfg = Debug|Any CPU
		{15F342CC-1FF8-4561-8640-C2D7607C4887}.AppStore|iPhone.Build.0 = Debug|Any CPU
		{15F342CC-1FF8-4561-8640-C2D7607C4887}.AppStore|iPhone.Deploy.0 = Debug|Any CPU
		{15F342CC-1FF8-4561-8640-C2D7607C4887}.AppStore|iPhoneSimulator.ActiveCfg = Debug|Any CPU
		{15F342CC-1FF8-4561-8640-C2D7607C4887}.AppStore|iPhoneSimulator.Build.0 = Debug|Any CPU
		{15F342CC-1FF8-4561-8640-C2D7607C4887}.AppStore|iPhoneSimulator.Deploy.0 = Debug|Any CPU
		{15F342CC-1FF8-4561-8640-C2D7607C4887}.AppStore|x64.ActiveCfg = Debug|Any CPU
		{15F342CC-1FF8-4561-8640-C2D7607C4887}.AppStore|x64.Build.0 = Debug|Any CPU
		{15F342CC-1FF8-4561-8640-C2D7607C4887}.AppStore|x64.Deploy.0 = Debug|Any CPU
		{15F342CC-1FF8-4561-8640-C2D7607C4887}.AppStore|x86.ActiveCfg = Debug|Any CPU
		{15F342CC-1FF8-4561-8640-C2D7607C4887}.AppStore|x86.Build.0 = Debug|Any CPU
		{15F342CC-1FF8-4561-8640-C2D7607C4887}.AppStore|x86.Deploy.0 = Debug|Any CPU
		{15F342CC-1FF8-4561-8640-C2D7607C4887}.Debug|Any CPU.ActiveCfg = Debug|Any CPU
		{15F342CC-1FF8-4561-8640-C2D7607C4887}.Debug|Any CPU.Build.0 = Debug|Any CPU
		{15F342CC-1FF8-4561-8640-C2D7607C4887}.Debug|Any CPU.Deploy.0 = Debug|Any CPU
		{15F342CC-1FF8-4561-8640-C2D7607C4887}.Debug|ARM.ActiveCfg = Debug|Any CPU
		{15F342CC-1FF8-4561-8640-C2D7607C4887}.Debug|ARM.Build.0 = Debug|Any CPU
		{15F342CC-1FF8-4561-8640-C2D7607C4887}.Debug|ARM.Deploy.0 = Debug|Any CPU
		{15F342CC-1FF8-4561-8640-C2D7607C4887}.Debug|iPhone.ActiveCfg = Debug|Any CPU
		{15F342CC-1FF8-4561-8640-C2D7607C4887}.Debug|iPhone.Build.0 = Debug|Any CPU
		{15F342CC-1FF8-4561-8640-C2D7607C4887}.Debug|iPhone.Deploy.0 = Debug|Any CPU
		{15F342CC-1FF8-4561-8640-C2D7607C4887}.Debug|iPhoneSimulator.ActiveCfg = Debug|Any CPU
		{15F342CC-1FF8-4561-8640-C2D7607C4887}.Debug|iPhoneSimulator.Build.0 = Debug|Any CPU
		{15F342CC-1FF8-4561-8640-C2D7607C4887}.Debug|iPhoneSimulator.Deploy.0 = Debug|Any CPU
		{15F342CC-1FF8-4561-8640-C2D7607C4887}.Debug|x64.ActiveCfg = Debug|Any CPU
		{15F342CC-1FF8-4561-8640-C2D7607C4887}.Debug|x64.Build.0 = Debug|Any CPU
		{15F342CC-1FF8-4561-8640-C2D7607C4887}.Debug|x64.Deploy.0 = Debug|Any CPU
		{15F342CC-1FF8-4561-8640-C2D7607C4887}.Debug|x86.ActiveCfg = Debug|Any CPU
		{15F342CC-1FF8-4561-8640-C2D7607C4887}.Debug|x86.Build.0 = Debug|Any CPU
		{15F342CC-1FF8-4561-8640-C2D7607C4887}.Debug|x86.Deploy.0 = Debug|Any CPU
		{15F342CC-1FF8-4561-8640-C2D7607C4887}.Release|Any CPU.ActiveCfg = Release|Any CPU
		{15F342CC-1FF8-4561-8640-C2D7607C4887}.Release|Any CPU.Build.0 = Release|Any CPU
		{15F342CC-1FF8-4561-8640-C2D7607C4887}.Release|Any CPU.Deploy.0 = Release|Any CPU
		{15F342CC-1FF8-4561-8640-C2D7607C4887}.Release|ARM.ActiveCfg = Release|Any CPU
		{15F342CC-1FF8-4561-8640-C2D7607C4887}.Release|ARM.Build.0 = Release|Any CPU
		{15F342CC-1FF8-4561-8640-C2D7607C4887}.Release|ARM.Deploy.0 = Release|Any CPU
		{15F342CC-1FF8-4561-8640-C2D7607C4887}.Release|iPhone.ActiveCfg = Release|Any CPU
		{15F342CC-1FF8-4561-8640-C2D7607C4887}.Release|iPhone.Build.0 = Release|Any CPU
		{15F342CC-1FF8-4561-8640-C2D7607C4887}.Release|iPhone.Deploy.0 = Release|Any CPU
		{15F342CC-1FF8-4561-8640-C2D7607C4887}.Release|iPhoneSimulator.ActiveCfg = Release|Any CPU
		{15F342CC-1FF8-4561-8640-C2D7607C4887}.Release|iPhoneSimulator.Build.0 = Release|Any CPU
		{15F342CC-1FF8-4561-8640-C2D7607C4887}.Release|iPhoneSimulator.Deploy.0 = Release|Any CPU
		{15F342CC-1FF8-4561-8640-C2D7607C4887}.Release|x64.ActiveCfg = Release|Any CPU
		{15F342CC-1FF8-4561-8640-C2D7607C4887}.Release|x64.Build.0 = Release|Any CPU
		{15F342CC-1FF8-4561-8640-C2D7607C4887}.Release|x64.Deploy.0 = Release|Any CPU
		{15F342CC-1FF8-4561-8640-C2D7607C4887}.Release|x86.ActiveCfg = Release|Any CPU
		{15F342CC-1FF8-4561-8640-C2D7607C4887}.Release|x86.Build.0 = Release|Any CPU
		{15F342CC-1FF8-4561-8640-C2D7607C4887}.Release|x86.Deploy.0 = Release|Any CPU
	EndGlobalSection
	GlobalSection(SolutionProperties) = preSolution
		HideSolutionNode = FALSE
	EndGlobalSection
	GlobalSection(ExtensibilityGlobals) = postSolution
		SolutionGuid = {6711A630-352A-42B6-80DB-C946F919FBC5}
	EndGlobalSection
EndGlobal
